{
  "version": 4,
  "terraform_version": "1.1.0",
  "serial": 36,
  "lineage": "717585c5-b3dd-dad0-b925-687daced8e14",
  "outputs": {
    "bastion_instance_id": {
      "value": "i-0345dab43b59e1316",
      "type": "string"
    },
    "bastion_public_ip": {
      "value": "51.20.71.162",
      "type": "string"
    },
    "private_key_pem": {
      "value": "-----BEGIN RSA PRIVATE KEY-----\nMIIEpQIBAAKCAQEAy53IPrqdxMN1HPRoVQf2aUeSlvIpmrUrueQhH25XRMk2Vfqm\nvJHnObTFQnANxyboTuTgLLwzN3ouFRR+6kVdLzHeKHOYPy92wTF6Mei8LBsdmb5W\nztYIcFWEMNQ6OoQGE+clCZq/U7269SJTeo4/dksM6zzEogzEuPbRDldSxGprJCJx\nrhhmz0RqqlGClt5fzp5TWIPiDIcIenoDD0dfq4XAiqJXL7vRTOcEtL/HPJJSgHC2\nOWsIo2DbcFPTdk4hpEPetdD8+OlnkmCtnub9Gse+dHbhSJ0cTytx4HUL9rVsip5L\nfssaSjGeDGbjiCn+m4NMFGftiLBsAZLtAK9TGwIDAQABAoIBAQCjrWAs3MK6Swy3\ni9jakZ4JH1m9MUk0bfKKadIefAp25vBgyS6DYx3mi2QOdhj9QE96LA3wqBDbxcGJ\nfIJRPBUePQ4Conl+QV9LCcTaneW15s4yqokJl5ANDRFIVzG/nCVull51jAnE/T1u\nlHtah0KIiugFqUG/qlfw/6cpyhRkgl6H3Ty6iqIAFzfDyjJYGSAlJCp9BiKzxgtV\nrwFOAgTfEb3dE/Ie3zUrzP5lv2CGp9I79JqckKXvQBsUjpKCKOHC5rqgm+FWwu6C\n6TcJm5RrFhERz0j65M1rDlQunhudbeB1U6kPcvuuh5YKBihoxyN6ZpkoNtmzHZT/\ntF42zwIxAoGBAM+Rjjiv5Q+NCEQCRkUwox7zCUpbZbDCE/jcUlxekghowpmcYahJ\nqvO9zz6fJ+cTBTfSKuG0l8E1H9Z0DzhbNjh8Ncgz/jfaLC0bkEAuEO3A6PVIfI59\nD/StIIEIkwibmzqIQQVFl2wv6bmsvZD8+0x5K11pAoVE9grKiq/nKK9lAoGBAPsg\nJvtPPPMziM2R7KKRyJJWgyoLws8c8WOMukWu3/P6pYtejZTURjOQgFOTPNHlJjy+\n765Rl4uoCAmFVRVm+touVzQzcIsgIylZq01nam9g0RdoaCuAaFRFiCGFBRiwzeAB\nveVIqgJlLTYmDE4geTA3iiGo1w7czQeD0peGwhB/AoGAB7srKe9bP8YH/ch7543V\nNYzl1rAqzHeeGNHT+37GP6vvO5t4g7Uiueti8bkp2lB6DEc2s6tvT5Hz+p/eBUJY\ndagitK9DE797j76ME+fjV4es5Z3qjcAYvQtJv6SbHWH2WSrECTc7WZs7QGAvu1vA\n3GtS8yq7Hk2gQGyk18JrYIUCgYEAvj3tShUNJ3CzAoi5q66lM7c2RnQCcMSMWc4S\njxebsUkAgERxHX5ycD3X+XhhauEdxocfK//Dvpjc/dl0S3JoN0FD7tfJOpxuBrVX\ngJwHlbjSrdj6kXoFj1Hdfwc2hS3ryPeI1Fnn8UiUp6DLUaRoKo7opfcydJ/w8vB6\naTA9dCECgYEAqGznmUhyDZxPk0SCdCpvd2Gg7wBoQWqsfW6PZXrx3wocWLYehtxY\nqYiepaePNwwzgqatlnG8mk+rBvsdxPaYbYPaCTZp5x9T8o1h9t24iNFiAoX0wrw1\nieVxdNg/8dvlo8qCRx4eGaIUnYwbDasp3rbiLfwCR7tq4Y+rEmG9c0Q=\n-----END RSA PRIVATE KEY-----\n",
      "type": "string",
      "sensitive": true
    },
    "private_subnet_id": {
      "value": "subnet-0e0dbd32a91a2d6dc",
      "type": "string"
    },
    "public_subnet_id": {
      "value": "subnet-0caf1837b9acde4a7",
      "type": "string"
    },
    "server_instance_id": {
      "value": "i-0345dab43b59e1316",
      "type": "string"
    },
    "server_private_ip": {
      "value": "10.0.1.175",
      "type": "string"
    },
    "vpc_id": {
      "value": "vpc-0b3edc6760d008934",
      "type": "string"
    }
  },
  "resources": [
    {
      "module": "module.bastion",
      "mode": "managed",
      "type": "aws_instance",
      "name": "bastion",
      "provider": "provider[\"registry.terraform.io/hashicorp/aws\"]",
      "instances": [
        {
          "schema_version": 1,
          "attributes": {
            "ami": "ami-0705384c0b33c194c",
            "arn": "arn:aws:ec2:eu-north-1:929806479990:instance/i-0345dab43b59e1316",
            "associate_public_ip_address": true,
            "availability_zone": "eu-north-1a",
            "capacity_reservation_specification": [
              {
                "capacity_reservation_preference": "open",
                "capacity_reservation_target": []
              }
            ],
            "cpu_core_count": 1,
            "cpu_options": [
              {
                "amd_sev_snp": "",
                "core_count": 1,
                "threads_per_core": 2
              }
            ],
            "cpu_threads_per_core": 2,
            "credit_specification": [
              {
                "cpu_credits": "unlimited"
              }
            ],
            "disable_api_stop": false,
            "disable_api_termination": false,
            "ebs_block_device": [],
            "ebs_optimized": false,
            "enclave_options": [
              {
                "enabled": false
              }
            ],
            "ephemeral_block_device": [],
            "get_password_data": false,
            "hibernation": false,
            "host_id": "",
            "host_resource_group_arn": null,
            "iam_instance_profile": "",
            "id": "i-0345dab43b59e1316",
            "instance_initiated_shutdown_behavior": "stop",
            "instance_lifecycle": "",
            "instance_market_options": [],
            "instance_state": "running",
            "instance_type": "t3.micro",
            "ipv6_address_count": 0,
            "ipv6_addresses": [],
            "key_name": "nader",
            "launch_template": [],
            "maintenance_options": [
              {
                "auto_recovery": "default"
              }
            ],
            "metadata_options": [
              {
                "http_endpoint": "enabled",
                "http_protocol_ipv6": "disabled",
                "http_put_response_hop_limit": 2,
                "http_tokens": "required",
                "instance_metadata_tags": "disabled"
              }
            ],
            "monitoring": false,
            "network_interface": [],
            "outpost_arn": "",
            "password_data": "",
            "placement_group": "",
            "placement_partition_number": 0,
            "primary_network_interface_id": "eni-0f1c1ba19a762d410",
            "private_dns": "ip-10-0-1-175.eu-north-1.compute.internal",
            "private_dns_name_options": [
              {
                "enable_resource_name_dns_a_record": false,
                "enable_resource_name_dns_aaaa_record": false,
                "hostname_type": "ip-name"
              }
            ],
            "private_ip": "10.0.1.175",
            "public_dns": "ec2-51-20-71-162.eu-north-1.compute.amazonaws.com",
            "public_ip": "51.20.71.162",
            "root_block_device": [
              {
                "delete_on_termination": true,
                "device_name": "/dev/sda1",
                "encrypted": false,
                "iops": 3000,
                "kms_key_id": "",
                "tags": {},
                "tags_all": {},
                "throughput": 125,
                "volume_id": "vol-07d94f681a1eac6c3",
                "volume_size": 8,
                "volume_type": "gp3"
              }
            ],
            "secondary_private_ips": [],
            "security_groups": [
              "sg-0979e861ae07df09c"
            ],
            "source_dest_check": true,
            "spot_instance_request_id": "",
            "subnet_id": "subnet-0caf1837b9acde4a7",
            "tags": {
              "Name": "BastionHost"
            },
            "tags_all": {
              "Name": "BastionHost"
            },
            "tenancy": "default",
            "timeouts": null,
            "user_data": null,
            "user_data_base64": null,
            "user_data_replace_on_change": false,
            "volume_tags": null,
            "vpc_security_group_ids": [
              "sg-0979e861ae07df09c"
            ]
          },
          "sensitive_attributes": [],
          "private": "eyJlMmJmYjczMC1lY2FhLTExZTYtOGY4OC0zNDM2M2JjN2M0YzAiOnsiY3JlYXRlIjo2MDAwMDAwMDAwMDAsImRlbGV0ZSI6MTIwMDAwMDAwMDAwMCwicmVhZCI6OTAwMDAwMDAwMDAwLCJ1cGRhdGUiOjYwMDAwMDAwMDAwMH0sInNjaGVtYV92ZXJzaW9uIjoiMSJ9",
          "dependencies": [
            "module.key_pair.aws_key_pair.nader",
            "module.security_group.aws_security_group.server_sg",
            "module.vpc.aws_subnet.public"
          ]
        }
      ]
    },
    {
      "module": "module.bastion",
      "mode": "managed",
      "type": "aws_instance",
      "name": "private",
      "provider": "provider[\"registry.terraform.io/hashicorp/aws\"]",
      "instances": [
        {
          "schema_version": 1,
          "attributes": {
            "ami": "ami-0705384c0b33c194c",
            "arn": "arn:aws:ec2:eu-north-1:929806479990:instance/i-0fbcc2ebf78281c2a",
            "associate_public_ip_address": false,
            "availability_zone": "eu-north-1a",
            "capacity_reservation_specification": [
              {
                "capacity_reservation_preference": "open",
                "capacity_reservation_target": []
              }
            ],
            "cpu_core_count": 1,
            "cpu_options": [
              {
                "amd_sev_snp": "",
                "core_count": 1,
                "threads_per_core": 2
              }
            ],
            "cpu_threads_per_core": 2,
            "credit_specification": [
              {
                "cpu_credits": "unlimited"
              }
            ],
            "disable_api_stop": false,
            "disable_api_termination": false,
            "ebs_block_device": [],
            "ebs_optimized": false,
            "enclave_options": [
              {
                "enabled": false
              }
            ],
            "ephemeral_block_device": [],
            "get_password_data": false,
            "hibernation": false,
            "host_id": "",
            "host_resource_group_arn": null,
            "iam_instance_profile": "",
            "id": "i-0fbcc2ebf78281c2a",
            "instance_initiated_shutdown_behavior": "stop",
            "instance_lifecycle": "",
            "instance_market_options": [],
            "instance_state": "running",
            "instance_type": "t3.micro",
            "ipv6_address_count": 0,
            "ipv6_addresses": [],
            "key_name": "nader",
            "launch_template": [],
            "maintenance_options": [
              {
                "auto_recovery": "default"
              }
            ],
            "metadata_options": [
              {
                "http_endpoint": "enabled",
                "http_protocol_ipv6": "disabled",
                "http_put_response_hop_limit": 2,
                "http_tokens": "required",
                "instance_metadata_tags": "disabled"
              }
            ],
            "monitoring": false,
            "network_interface": [],
            "outpost_arn": "",
            "password_data": "",
            "placement_group": "",
            "placement_partition_number": 0,
            "primary_network_interface_id": "eni-077e54f6b50cab8fe",
            "private_dns": "ip-10-0-2-239.eu-north-1.compute.internal",
            "private_dns_name_options": [
              {
                "enable_resource_name_dns_a_record": false,
                "enable_resource_name_dns_aaaa_record": false,
                "hostname_type": "ip-name"
              }
            ],
            "private_ip": "10.0.2.239",
            "public_dns": "",
            "public_ip": "",
            "root_block_device": [
              {
                "delete_on_termination": true,
                "device_name": "/dev/sda1",
                "encrypted": false,
                "iops": 3000,
                "kms_key_id": "",
                "tags": {},
                "tags_all": {},
                "throughput": 125,
                "volume_id": "vol-0931b2f5b4158eb2e",
                "volume_size": 8,
                "volume_type": "gp3"
              }
            ],
            "secondary_private_ips": [],
            "security_groups": [
              "sg-0979e861ae07df09c"
            ],
            "source_dest_check": true,
            "spot_instance_request_id": "",
            "subnet_id": "subnet-0e0dbd32a91a2d6dc",
            "tags": {
              "Name": "BastionHost"
            },
            "tags_all": {
              "Name": "BastionHost"
            },
            "tenancy": "default",
            "timeouts": null,
            "user_data": null,
            "user_data_base64": null,
            "user_data_replace_on_change": false,
            "volume_tags": null,
            "vpc_security_group_ids": [
              "sg-0979e861ae07df09c"
            ]
          },
          "sensitive_attributes": [],
          "private": "eyJlMmJmYjczMC1lY2FhLTExZTYtOGY4OC0zNDM2M2JjN2M0YzAiOnsiY3JlYXRlIjo2MDAwMDAwMDAwMDAsImRlbGV0ZSI6MTIwMDAwMDAwMDAwMCwicmVhZCI6OTAwMDAwMDAwMDAwLCJ1cGRhdGUiOjYwMDAwMDAwMDAwMH0sInNjaGVtYV92ZXJzaW9uIjoiMSJ9",
          "dependencies": [
            "module.key_pair.aws_key_pair.nader",
            "module.security_group.aws_security_group.server_sg",
            "module.vpc.aws_subnet.private"
          ]
        }
      ]
    },
    {
      "module": "module.key_pair",
      "mode": "managed",
      "type": "aws_key_pair",
      "name": "nader",
      "provider": "provider[\"registry.terraform.io/hashicorp/aws\"]",
      "instances": [
        {
          "schema_version": 1,
          "attributes": {
            "arn": "arn:aws:ec2:eu-north-1:929806479990:key-pair/nader",
            "fingerprint": "60:b6:68:cc:30:ac:d7:d4:c9:87:c1:10:29:7a:5d:4f",
            "id": "nader",
            "key_name": "nader",
            "key_name_prefix": "",
            "key_pair_id": "key-0a9ecf85193c46a7f",
            "key_type": "rsa",
            "public_key": "ssh-rsa AAAAB3NzaC1yc2EAAAADAQABAAABAQDLncg+up3Ew3Uc9GhVB/ZpR5KW8imatSu55CEfbldEyTZV+qa8kec5tMVCcA3HJuhO5OAsvDM3ei4VFH7qRV0vMd4oc5g/L3bBMXox6LwsGx2ZvlbO1ghwVYQw1Do6hAYT5yUJmr9Tvbr1IlN6jj92SwzrPMSiDMS49tEOV1LEamskInGuGGbPRGqqUYKW3l/OnlNYg+IMhwh6egMPR1+rhcCKolcvu9FM5wS0v8c8klKAcLY5awijYNtwU9N2TiGkQ9610Pz46WeSYK2e5v0ax750duFInRxPK3HgdQv2tWyKnkt+yxpKMZ4MZuOIKf6bg0wUZ+2IsGwBku0Ar1Mb",
            "tags": {},
            "tags_all": {}
          },
          "sensitive_attributes": [],
          "private": "eyJzY2hlbWFfdmVyc2lvbiI6IjEifQ==",
          "dependencies": [
            "module.key_pair.tls_private_key.nader"
          ]
        }
      ]
    },
    {
      "module": "module.key_pair",
      "mode": "managed",
      "type": "local_file",
      "name": "private_key",
      "provider": "provider[\"registry.terraform.io/hashicorp/local\"]",
      "instances": [
        {
          "schema_version": 0,
          "attributes": {
            "content": "-----BEGIN RSA PRIVATE KEY-----\nMIIEpQIBAAKCAQEAy53IPrqdxMN1HPRoVQf2aUeSlvIpmrUrueQhH25XRMk2Vfqm\nvJHnObTFQnANxyboTuTgLLwzN3ouFRR+6kVdLzHeKHOYPy92wTF6Mei8LBsdmb5W\nztYIcFWEMNQ6OoQGE+clCZq/U7269SJTeo4/dksM6zzEogzEuPbRDldSxGprJCJx\nrhhmz0RqqlGClt5fzp5TWIPiDIcIenoDD0dfq4XAiqJXL7vRTOcEtL/HPJJSgHC2\nOWsIo2DbcFPTdk4hpEPetdD8+OlnkmCtnub9Gse+dHbhSJ0cTytx4HUL9rVsip5L\nfssaSjGeDGbjiCn+m4NMFGftiLBsAZLtAK9TGwIDAQABAoIBAQCjrWAs3MK6Swy3\ni9jakZ4JH1m9MUk0bfKKadIefAp25vBgyS6DYx3mi2QOdhj9QE96LA3wqBDbxcGJ\nfIJRPBUePQ4Conl+QV9LCcTaneW15s4yqokJl5ANDRFIVzG/nCVull51jAnE/T1u\nlHtah0KIiugFqUG/qlfw/6cpyhRkgl6H3Ty6iqIAFzfDyjJYGSAlJCp9BiKzxgtV\nrwFOAgTfEb3dE/Ie3zUrzP5lv2CGp9I79JqckKXvQBsUjpKCKOHC5rqgm+FWwu6C\n6TcJm5RrFhERz0j65M1rDlQunhudbeB1U6kPcvuuh5YKBihoxyN6ZpkoNtmzHZT/\ntF42zwIxAoGBAM+Rjjiv5Q+NCEQCRkUwox7zCUpbZbDCE/jcUlxekghowpmcYahJ\nqvO9zz6fJ+cTBTfSKuG0l8E1H9Z0DzhbNjh8Ncgz/jfaLC0bkEAuEO3A6PVIfI59\nD/StIIEIkwibmzqIQQVFl2wv6bmsvZD8+0x5K11pAoVE9grKiq/nKK9lAoGBAPsg\nJvtPPPMziM2R7KKRyJJWgyoLws8c8WOMukWu3/P6pYtejZTURjOQgFOTPNHlJjy+\n765Rl4uoCAmFVRVm+touVzQzcIsgIylZq01nam9g0RdoaCuAaFRFiCGFBRiwzeAB\nveVIqgJlLTYmDE4geTA3iiGo1w7czQeD0peGwhB/AoGAB7srKe9bP8YH/ch7543V\nNYzl1rAqzHeeGNHT+37GP6vvO5t4g7Uiueti8bkp2lB6DEc2s6tvT5Hz+p/eBUJY\ndagitK9DE797j76ME+fjV4es5Z3qjcAYvQtJv6SbHWH2WSrECTc7WZs7QGAvu1vA\n3GtS8yq7Hk2gQGyk18JrYIUCgYEAvj3tShUNJ3CzAoi5q66lM7c2RnQCcMSMWc4S\njxebsUkAgERxHX5ycD3X+XhhauEdxocfK//Dvpjc/dl0S3JoN0FD7tfJOpxuBrVX\ngJwHlbjSrdj6kXoFj1Hdfwc2hS3ryPeI1Fnn8UiUp6DLUaRoKo7opfcydJ/w8vB6\naTA9dCECgYEAqGznmUhyDZxPk0SCdCpvd2Gg7wBoQWqsfW6PZXrx3wocWLYehtxY\nqYiepaePNwwzgqatlnG8mk+rBvsdxPaYbYPaCTZp5x9T8o1h9t24iNFiAoX0wrw1\nieVxdNg/8dvlo8qCRx4eGaIUnYwbDasp3rbiLfwCR7tq4Y+rEmG9c0Q=\n-----END RSA PRIVATE KEY-----\n",
            "content_base64": null,
            "content_base64sha256": "hWKxpJ/UtQs2sQ3ZRyJ8RGCifN89D+BEhR2+fJyx4eY=",
            "content_base64sha512": "7J27MTCltQ2gereesJ6yf/qk2TfNyp8ZKuj1oaC0pl56Mu77vHNWcicy8ZfVvNpjMvggYhrEHBYPsjfwWAzzPQ==",
            "content_md5": "c0cae7f6506088e46a7ac6d955902b2b",
            "content_sha1": "2da6bf3fe9f699d8968864111e8bbc10479d57a9",
            "content_sha256": "8562b1a49fd4b50b36b10dd947227c4460a27cdf3d0fe044851dbe7c9cb1e1e6",
            "content_sha512": "ec9dbb3130a5b50da07ab79eb09eb27ffaa4d937cdca9f192ae8f5a1a0b4a65e7a32eefbbc7356722732f197d5bcda6332f820621ac41c160fb237f0580cf33d",
            "directory_permission": "0777",
            "file_permission": "0777",
            "filename": "ec2_key_pair.pem",
            "id": "2da6bf3fe9f699d8968864111e8bbc10479d57a9",
            "sensitive_content": null,
            "source": null
          },
          "sensitive_attributes": [
            [
              {
                "type": "get_attr",
                "value": "content"
              }
            ]
          ],
          "dependencies": [
            "module.key_pair.tls_private_key.nader"
          ]
        }
      ]
    },
    {
      "module": "module.key_pair",
      "mode": "managed",
      "type": "tls_private_key",
      "name": "nader",
      "provider": "provider[\"registry.terraform.io/hashicorp/tls\"]",
      "instances": [
        {
          "schema_version": 1,
          "attributes": {
            "algorithm": "RSA",
            "ecdsa_curve": "P224",
            "id": "64a413fa182589e89178590012ac8b6aa3eb4eda",
            "private_key_openssh": "-----BEGIN OPENSSH PRIVATE KEY-----\nb3BlbnNzaC1rZXktdjEAAAAABG5vbmUAAAAEbm9uZQAAAAAAAAABAAABFwAAAAdz\nc2gtcnNhAAAAAwEAAQAAAQEAy53IPrqdxMN1HPRoVQf2aUeSlvIpmrUrueQhH25X\nRMk2VfqmvJHnObTFQnANxyboTuTgLLwzN3ouFRR+6kVdLzHeKHOYPy92wTF6Mei8\nLBsdmb5WztYIcFWEMNQ6OoQGE+clCZq/U7269SJTeo4/dksM6zzEogzEuPbRDldS\nxGprJCJxrhhmz0RqqlGClt5fzp5TWIPiDIcIenoDD0dfq4XAiqJXL7vRTOcEtL/H\nPJJSgHC2OWsIo2DbcFPTdk4hpEPetdD8+OlnkmCtnub9Gse+dHbhSJ0cTytx4HUL\n9rVsip5LfssaSjGeDGbjiCn+m4NMFGftiLBsAZLtAK9TGwAAA7g/PLfhPzy34QAA\nAAdzc2gtcnNhAAABAQDLncg+up3Ew3Uc9GhVB/ZpR5KW8imatSu55CEfbldEyTZV\n+qa8kec5tMVCcA3HJuhO5OAsvDM3ei4VFH7qRV0vMd4oc5g/L3bBMXox6LwsGx2Z\nvlbO1ghwVYQw1Do6hAYT5yUJmr9Tvbr1IlN6jj92SwzrPMSiDMS49tEOV1LEamsk\nInGuGGbPRGqqUYKW3l/OnlNYg+IMhwh6egMPR1+rhcCKolcvu9FM5wS0v8c8klKA\ncLY5awijYNtwU9N2TiGkQ9610Pz46WeSYK2e5v0ax750duFInRxPK3HgdQv2tWyK\nnkt+yxpKMZ4MZuOIKf6bg0wUZ+2IsGwBku0Ar1MbAAAAAwEAAQAAAQEAo61gLNzC\nuksMt4vY2pGeCR9ZvTFJNG3yimnSHnwKdubwYMkug2Md5otkDnYY/UBPeiwN8KgQ\n28XBiXyCUTwVHj0OAqJ5fkFfSwnE2p3ltebOMqqJCZeQDQ0RSFcxv5wlbpZedYwJ\nxP09bpR7WodCiIroBalBv6pX8P+nKcoUZIJeh908uoqiABc3w8oyWBkgJSQqfQYi\ns8YLVa8BTgIE3xG93RPyHt81K8z+Zb9ghqfSO/SanJCl70AbFI6Sgijhwua6oJvh\nVsLuguk3CZuUaxYREc9I+uTNaw5ULp4bnW3gdVOpD3L7roeWCgYoaMcjemaZKDbZ\nsx2U/7ReNs8CMQAAAIEAqGznmUhyDZxPk0SCdCpvd2Gg7wBoQWqsfW6PZXrx3woc\nWLYehtxYqYiepaePNwwzgqatlnG8mk+rBvsdxPaYbYPaCTZp5x9T8o1h9t24iNFi\nAoX0wrw1ieVxdNg/8dvlo8qCRx4eGaIUnYwbDasp3rbiLfwCR7tq4Y+rEmG9c0QA\nAACBAM+Rjjiv5Q+NCEQCRkUwox7zCUpbZbDCE/jcUlxekghowpmcYahJqvO9zz6f\nJ+cTBTfSKuG0l8E1H9Z0DzhbNjh8Ncgz/jfaLC0bkEAuEO3A6PVIfI59D/StIIEI\nkwibmzqIQQVFl2wv6bmsvZD8+0x5K11pAoVE9grKiq/nKK9lAAAAgQD7ICb7Tzzz\nM4jNkeyikciSVoMqC8LPHPFjjLpFrt/z+qWLXo2U1EYzkIBTkzzR5SY8vu+uUZeL\nqAgJhVUVZvraLlc0M3CLICMpWatNZ2pvYNEXaGgrgGhURYghhQUYsM3gAb3lSKoC\nZS02JgxOIHkwN4ohqNcO3M0Hg9KXhsIQfwAAAAAB\n-----END OPENSSH PRIVATE KEY-----\n",
            "private_key_pem": "-----BEGIN RSA PRIVATE KEY-----\nMIIEpQIBAAKCAQEAy53IPrqdxMN1HPRoVQf2aUeSlvIpmrUrueQhH25XRMk2Vfqm\nvJHnObTFQnANxyboTuTgLLwzN3ouFRR+6kVdLzHeKHOYPy92wTF6Mei8LBsdmb5W\nztYIcFWEMNQ6OoQGE+clCZq/U7269SJTeo4/dksM6zzEogzEuPbRDldSxGprJCJx\nrhhmz0RqqlGClt5fzp5TWIPiDIcIenoDD0dfq4XAiqJXL7vRTOcEtL/HPJJSgHC2\nOWsIo2DbcFPTdk4hpEPetdD8+OlnkmCtnub9Gse+dHbhSJ0cTytx4HUL9rVsip5L\nfssaSjGeDGbjiCn+m4NMFGftiLBsAZLtAK9TGwIDAQABAoIBAQCjrWAs3MK6Swy3\ni9jakZ4JH1m9MUk0bfKKadIefAp25vBgyS6DYx3mi2QOdhj9QE96LA3wqBDbxcGJ\nfIJRPBUePQ4Conl+QV9LCcTaneW15s4yqokJl5ANDRFIVzG/nCVull51jAnE/T1u\nlHtah0KIiugFqUG/qlfw/6cpyhRkgl6H3Ty6iqIAFzfDyjJYGSAlJCp9BiKzxgtV\nrwFOAgTfEb3dE/Ie3zUrzP5lv2CGp9I79JqckKXvQBsUjpKCKOHC5rqgm+FWwu6C\n6TcJm5RrFhERz0j65M1rDlQunhudbeB1U6kPcvuuh5YKBihoxyN6ZpkoNtmzHZT/\ntF42zwIxAoGBAM+Rjjiv5Q+NCEQCRkUwox7zCUpbZbDCE/jcUlxekghowpmcYahJ\nqvO9zz6fJ+cTBTfSKuG0l8E1H9Z0DzhbNjh8Ncgz/jfaLC0bkEAuEO3A6PVIfI59\nD/StIIEIkwibmzqIQQVFl2wv6bmsvZD8+0x5K11pAoVE9grKiq/nKK9lAoGBAPsg\nJvtPPPMziM2R7KKRyJJWgyoLws8c8WOMukWu3/P6pYtejZTURjOQgFOTPNHlJjy+\n765Rl4uoCAmFVRVm+touVzQzcIsgIylZq01nam9g0RdoaCuAaFRFiCGFBRiwzeAB\nveVIqgJlLTYmDE4geTA3iiGo1w7czQeD0peGwhB/AoGAB7srKe9bP8YH/ch7543V\nNYzl1rAqzHeeGNHT+37GP6vvO5t4g7Uiueti8bkp2lB6DEc2s6tvT5Hz+p/eBUJY\ndagitK9DE797j76ME+fjV4es5Z3qjcAYvQtJv6SbHWH2WSrECTc7WZs7QGAvu1vA\n3GtS8yq7Hk2gQGyk18JrYIUCgYEAvj3tShUNJ3CzAoi5q66lM7c2RnQCcMSMWc4S\njxebsUkAgERxHX5ycD3X+XhhauEdxocfK//Dvpjc/dl0S3JoN0FD7tfJOpxuBrVX\ngJwHlbjSrdj6kXoFj1Hdfwc2hS3ryPeI1Fnn8UiUp6DLUaRoKo7opfcydJ/w8vB6\naTA9dCECgYEAqGznmUhyDZxPk0SCdCpvd2Gg7wBoQWqsfW6PZXrx3wocWLYehtxY\nqYiepaePNwwzgqatlnG8mk+rBvsdxPaYbYPaCTZp5x9T8o1h9t24iNFiAoX0wrw1\nieVxdNg/8dvlo8qCRx4eGaIUnYwbDasp3rbiLfwCR7tq4Y+rEmG9c0Q=\n-----END RSA PRIVATE KEY-----\n",
            "private_key_pem_pkcs8": "-----BEGIN PRIVATE KEY-----\nMIIEvwIBADANBgkqhkiG9w0BAQEFAASCBKkwggSlAgEAAoIBAQDLncg+up3Ew3Uc\n9GhVB/ZpR5KW8imatSu55CEfbldEyTZV+qa8kec5tMVCcA3HJuhO5OAsvDM3ei4V\nFH7qRV0vMd4oc5g/L3bBMXox6LwsGx2ZvlbO1ghwVYQw1Do6hAYT5yUJmr9Tvbr1\nIlN6jj92SwzrPMSiDMS49tEOV1LEamskInGuGGbPRGqqUYKW3l/OnlNYg+IMhwh6\negMPR1+rhcCKolcvu9FM5wS0v8c8klKAcLY5awijYNtwU9N2TiGkQ9610Pz46WeS\nYK2e5v0ax750duFInRxPK3HgdQv2tWyKnkt+yxpKMZ4MZuOIKf6bg0wUZ+2IsGwB\nku0Ar1MbAgMBAAECggEBAKOtYCzcwrpLDLeL2NqRngkfWb0xSTRt8opp0h58Cnbm\n8GDJLoNjHeaLZA52GP1AT3osDfCoENvFwYl8glE8FR49DgKieX5BX0sJxNqd5bXm\nzjKqiQmXkA0NEUhXMb+cJW6WXnWMCcT9PW6Ue1qHQoiK6AWpQb+qV/D/pynKFGSC\nXofdPLqKogAXN8PKMlgZICUkKn0GIrPGC1WvAU4CBN8Rvd0T8h7fNSvM/mW/YIan\n0jv0mpyQpe9AGxSOkoIo4cLmuqCb4VbC7oLpNwmblGsWERHPSPrkzWsOVC6eG51t\n4HVTqQ9y+66HlgoGKGjHI3pmmSg22bMdlP+0XjbPAjECgYEAz5GOOK/lD40IRAJG\nRTCjHvMJSltlsMIT+NxSXF6SCGjCmZxhqEmq873PPp8n5xMFN9Iq4bSXwTUf1nQP\nOFs2OHw1yDP+N9osLRuQQC4Q7cDo9Uh8jn0P9K0ggQiTCJubOohBBUWXbC/puay9\nkPz7THkrXWkChUT2CsqKr+cor2UCgYEA+yAm+0888zOIzZHsopHIklaDKgvCzxzx\nY4y6Ra7f8/qli16NlNRGM5CAU5M80eUmPL7vrlGXi6gICYVVFWb62i5XNDNwiyAj\nKVmrTWdqb2DRF2hoK4BoVEWIIYUFGLDN4AG95UiqAmUtNiYMTiB5MDeKIajXDtzN\nB4PSl4bCEH8CgYAHuysp71s/xgf9yHvnjdU1jOXWsCrMd54Y0dP7fsY/q+87m3iD\ntSK562LxuSnaUHoMRzazq29PkfP6n94FQlh1qCK0r0MTv3uPvowT5+NXh6zlneqN\nwBi9C0m/pJsdYfZZKsQJNztZmztAYC+7W8Dca1LzKrseTaBAbKTXwmtghQKBgQC+\nPe1KFQ0ncLMCiLmrrqUztzZGdAJwxIxZzhKPF5uxSQCARHEdfnJwPdf5eGFq4R3G\nhx8r/8O+mNz92XRLcmg3QUPu18k6nG4GtVeAnAeVuNKt2PqRegWPUd1/BzaFLevI\n94jUWefxSJSnoMtRpGgqjuil9zJ0n/Dy8HppMD10IQKBgQCobOeZSHINnE+TRIJ0\nKm93YaDvAGhBaqx9bo9levHfChxYth6G3FipiJ6lp483DDOCpq2WcbyaT6sG+x3E\n9phtg9oJNmnnH1PyjWH23biI0WIChfTCvDWJ5XF02D/x2+WjyoJHHh4ZohSdjBsN\nqynetuIt/AJHu2rhj6sSYb1zRA==\n-----END PRIVATE KEY-----\n",
            "public_key_fingerprint_md5": "48:22:53:02:5c:f8:cc:ed:4e:3b:a1:a2:33:35:63:59",
            "public_key_fingerprint_sha256": "SHA256:RLfilqN4Mb1ko2q4ntxPFT0uowyYGRKpw13dTS+WqL8",
            "public_key_openssh": "ssh-rsa AAAAB3NzaC1yc2EAAAADAQABAAABAQDLncg+up3Ew3Uc9GhVB/ZpR5KW8imatSu55CEfbldEyTZV+qa8kec5tMVCcA3HJuhO5OAsvDM3ei4VFH7qRV0vMd4oc5g/L3bBMXox6LwsGx2ZvlbO1ghwVYQw1Do6hAYT5yUJmr9Tvbr1IlN6jj92SwzrPMSiDMS49tEOV1LEamskInGuGGbPRGqqUYKW3l/OnlNYg+IMhwh6egMPR1+rhcCKolcvu9FM5wS0v8c8klKAcLY5awijYNtwU9N2TiGkQ9610Pz46WeSYK2e5v0ax750duFInRxPK3HgdQv2tWyKnkt+yxpKMZ4MZuOIKf6bg0wUZ+2IsGwBku0Ar1Mb\n",
            "public_key_pem": "-----BEGIN PUBLIC KEY-----\nMIIBIjANBgkqhkiG9w0BAQEFAAOCAQ8AMIIBCgKCAQEAy53IPrqdxMN1HPRoVQf2\naUeSlvIpmrUrueQhH25XRMk2VfqmvJHnObTFQnANxyboTuTgLLwzN3ouFRR+6kVd\nLzHeKHOYPy92wTF6Mei8LBsdmb5WztYIcFWEMNQ6OoQGE+clCZq/U7269SJTeo4/\ndksM6zzEogzEuPbRDldSxGprJCJxrhhmz0RqqlGClt5fzp5TWIPiDIcIenoDD0df\nq4XAiqJXL7vRTOcEtL/HPJJSgHC2OWsIo2DbcFPTdk4hpEPetdD8+OlnkmCtnub9\nGse+dHbhSJ0cTytx4HUL9rVsip5LfssaSjGeDGbjiCn+m4NMFGftiLBsAZLtAK9T\nGwIDAQAB\n-----END PUBLIC KEY-----\n",
            "rsa_bits": 2048
          },
          "sensitive_attributes": []
        }
      ]
    },
    {
      "module": "module.security_group",
      "mode": "managed",
      "type": "aws_security_group",
      "name": "server_sg",
      "provider": "provider[\"registry.terraform.io/hashicorp/aws\"]",
      "instances": [
        {
          "schema_version": 1,
          "attributes": {
            "arn": "arn:aws:ec2:eu-north-1:929806479990:security-group/sg-0979e861ae07df09c",
            "description": "Managed by Terraform",
            "egress": [
              {
                "cidr_blocks": [
                  "0.0.0.0/0"
                ],
                "description": "",
                "from_port": 0,
                "ipv6_cidr_blocks": [],
                "prefix_list_ids": [],
                "protocol": "-1",
                "security_groups": [],
                "self": false,
                "to_port": 0
              }
            ],
            "id": "sg-0979e861ae07df09c",
            "ingress": [
              {
                "cidr_blocks": [
                  "0.0.0.0/0"
                ],
                "description": "",
                "from_port": 22,
                "ipv6_cidr_blocks": [],
                "prefix_list_ids": [],
                "protocol": "tcp",
                "security_groups": [],
                "self": false,
                "to_port": 22
              },
              {
                "cidr_blocks": [
                  "0.0.0.0/0"
                ],
                "description": "",
                "from_port": 80,
                "ipv6_cidr_blocks": [],
                "prefix_list_ids": [],
                "protocol": "tcp",
                "security_groups": [],
                "self": false,
                "to_port": 80
              }
            ],
            "name": "terraform-20240610111824203700000003",
            "name_prefix": "terraform-",
            "owner_id": "929806479990",
            "revoke_rules_on_delete": false,
            "tags": {},
            "tags_all": {},
            "timeouts": null,
            "vpc_id": "vpc-0b3edc6760d008934"
          },
          "sensitive_attributes": [],
          "private": "eyJlMmJmYjczMC1lY2FhLTExZTYtOGY4OC0zNDM2M2JjN2M0YzAiOnsiY3JlYXRlIjo2MDAwMDAwMDAwMDAsImRlbGV0ZSI6OTAwMDAwMDAwMDAwfSwic2NoZW1hX3ZlcnNpb24iOiIxIn0=",
          "dependencies": [
            "module.vpc.aws_vpc.main"
          ]
        }
      ]
    },
    {
      "module": "module.vpc",
      "mode": "managed",
      "type": "aws_eip",
      "name": "nat",
      "provider": "provider[\"registry.terraform.io/hashicorp/aws\"]",
      "instances": [
        {
          "schema_version": 0,
          "attributes": {
            "address": null,
            "allocation_id": "eipalloc-0eaa00f5fd54d3352",
            "arn": "arn:aws:ec2:eu-north-1:929806479990:elastic-ip/eipalloc-0eaa00f5fd54d3352",
            "associate_with_private_ip": null,
            "association_id": "eipassoc-0895db20e9d11703d",
            "carrier_ip": "",
            "customer_owned_ip": "",
            "customer_owned_ipv4_pool": "",
            "domain": "vpc",
            "id": "eipalloc-0eaa00f5fd54d3352",
            "instance": "",
            "network_border_group": "eu-north-1",
            "network_interface": "eni-0da9738e00ebd4f7a",
            "private_dns": "ip-10-0-1-210.eu-north-1.compute.internal",
            "private_ip": "10.0.1.210",
            "ptr_record": "",
            "public_dns": "ec2-16-170-2-143.eu-north-1.compute.amazonaws.com",
            "public_ip": "16.170.2.143",
            "public_ipv4_pool": "amazon",
            "tags": {},
            "tags_all": {},
            "timeouts": null,
            "vpc": true
          },
          "sensitive_attributes": [],
          "private": "eyJlMmJmYjczMC1lY2FhLTExZTYtOGY4OC0zNDM2M2JjN2M0YzAiOnsiZGVsZXRlIjoxODAwMDAwMDAwMDAsInJlYWQiOjkwMDAwMDAwMDAwMCwidXBkYXRlIjozMDAwMDAwMDAwMDB9fQ=="
        }
      ]
    },
    {
      "module": "module.vpc",
      "mode": "managed",
      "type": "aws_internet_gateway",
      "name": "igw",
      "provider": "provider[\"registry.terraform.io/hashicorp/aws\"]",
      "instances": [
        {
          "schema_version": 0,
          "attributes": {
            "arn": "arn:aws:ec2:eu-north-1:929806479990:internet-gateway/igw-0c3926d52a74caa22",
            "id": "igw-0c3926d52a74caa22",
            "owner_id": "929806479990",
            "tags": {},
            "tags_all": {},
            "timeouts": null,
            "vpc_id": "vpc-0b3edc6760d008934"
          },
          "sensitive_attributes": [],
          "private": "eyJlMmJmYjczMC1lY2FhLTExZTYtOGY4OC0zNDM2M2JjN2M0YzAiOnsiY3JlYXRlIjoxMjAwMDAwMDAwMDAwLCJkZWxldGUiOjEyMDAwMDAwMDAwMDAsInVwZGF0ZSI6MTIwMDAwMDAwMDAwMH19",
          "dependencies": [
            "module.vpc.aws_vpc.main"
          ]
        }
      ]
    },
    {
      "module": "module.vpc",
      "mode": "managed",
      "type": "aws_nat_gateway",
      "name": "nat",
      "provider": "provider[\"registry.terraform.io/hashicorp/aws\"]",
      "instances": [
        {
          "schema_version": 0,
          "attributes": {
            "allocation_id": "eipalloc-0eaa00f5fd54d3352",
            "association_id": "eipassoc-0895db20e9d11703d",
            "connectivity_type": "public",
            "id": "nat-001baacb0e33395d6",
            "network_interface_id": "eni-0da9738e00ebd4f7a",
            "private_ip": "10.0.1.210",
            "public_ip": "16.170.2.143",
            "secondary_allocation_ids": [],
            "secondary_private_ip_address_count": 0,
            "secondary_private_ip_addresses": [],
            "subnet_id": "subnet-0caf1837b9acde4a7",
            "tags": {},
            "tags_all": {},
            "timeouts": null
          },
          "sensitive_attributes": [],
          "private": "eyJlMmJmYjczMC1lY2FhLTExZTYtOGY4OC0zNDM2M2JjN2M0YzAiOnsiY3JlYXRlIjo2MDAwMDAwMDAwMDAsImRlbGV0ZSI6MTgwMDAwMDAwMDAwMCwidXBkYXRlIjo2MDAwMDAwMDAwMDB9fQ==",
          "dependencies": [
            "module.vpc.aws_eip.nat",
            "module.vpc.aws_subnet.public",
            "module.vpc.aws_vpc.main"
          ]
        }
      ]
    },
    {
      "module": "module.vpc",
      "mode": "managed",
      "type": "aws_route",
      "name": "private_route",
      "provider": "provider[\"registry.terraform.io/hashicorp/aws\"]",
      "instances": [
        {
          "schema_version": 0,
          "attributes": {
            "carrier_gateway_id": "",
            "core_network_arn": "",
            "destination_cidr_block": "0.0.0.0/0",
            "destination_ipv6_cidr_block": "",
            "destination_prefix_list_id": "",
            "egress_only_gateway_id": "",
            "gateway_id": "",
            "id": "r-rtb-0b1f4f38b9f5d26941080289494",
            "instance_id": "",
            "instance_owner_id": "",
            "local_gateway_id": "",
            "nat_gateway_id": "nat-001baacb0e33395d6",
            "network_interface_id": "",
            "origin": "CreateRoute",
            "route_table_id": "rtb-0b1f4f38b9f5d2694",
            "state": "active",
            "timeouts": null,
            "transit_gateway_id": "",
            "vpc_endpoint_id": "",
            "vpc_peering_connection_id": ""
          },
          "sensitive_attributes": [],
          "private": "eyJlMmJmYjczMC1lY2FhLTExZTYtOGY4OC0zNDM2M2JjN2M0YzAiOnsiY3JlYXRlIjozMDAwMDAwMDAwMDAsImRlbGV0ZSI6MzAwMDAwMDAwMDAwLCJ1cGRhdGUiOjEyMDAwMDAwMDAwMH19",
          "dependencies": [
            "module.vpc.aws_subnet.public",
            "module.vpc.aws_vpc.main",
            "module.vpc.aws_eip.nat",
            "module.vpc.aws_nat_gateway.nat",
            "module.vpc.aws_route_table.private"
          ]
        }
      ]
    },
    {
      "module": "module.vpc",
      "mode": "managed",
      "type": "aws_route",
      "name": "public_route",
      "provider": "provider[\"registry.terraform.io/hashicorp/aws\"]",
      "instances": [
        {
          "schema_version": 0,
          "attributes": {
            "carrier_gateway_id": "",
            "core_network_arn": "",
            "destination_cidr_block": "0.0.0.0/0",
            "destination_ipv6_cidr_block": "",
            "destination_prefix_list_id": "",
            "egress_only_gateway_id": "",
            "gateway_id": "igw-0c3926d52a74caa22",
            "id": "r-rtb-085610b1e810882861080289494",
            "instance_id": "",
            "instance_owner_id": "",
            "local_gateway_id": "",
            "nat_gateway_id": "",
            "network_interface_id": "",
            "origin": "CreateRoute",
            "route_table_id": "rtb-085610b1e81088286",
            "state": "active",
            "timeouts": null,
            "transit_gateway_id": "",
            "vpc_endpoint_id": "",
            "vpc_peering_connection_id": ""
          },
          "sensitive_attributes": [],
          "private": "eyJlMmJmYjczMC1lY2FhLTExZTYtOGY4OC0zNDM2M2JjN2M0YzAiOnsiY3JlYXRlIjozMDAwMDAwMDAwMDAsImRlbGV0ZSI6MzAwMDAwMDAwMDAwLCJ1cGRhdGUiOjEyMDAwMDAwMDAwMH19",
          "dependencies": [
            "module.vpc.aws_internet_gateway.igw",
            "module.vpc.aws_route_table.public",
            "module.vpc.aws_vpc.main"
          ]
        }
      ]
    },
    {
      "module": "module.vpc",
      "mode": "managed",
      "type": "aws_route_table",
      "name": "private",
      "provider": "provider[\"registry.terraform.io/hashicorp/aws\"]",
      "instances": [
        {
          "schema_version": 0,
          "attributes": {
            "arn": "arn:aws:ec2:eu-north-1:929806479990:route-table/rtb-0b1f4f38b9f5d2694",
            "id": "rtb-0b1f4f38b9f5d2694",
            "owner_id": "929806479990",
            "propagating_vgws": [],
            "route": [
              {
                "carrier_gateway_id": "",
                "cidr_block": "0.0.0.0/0",
                "core_network_arn": "",
                "destination_prefix_list_id": "",
                "egress_only_gateway_id": "",
                "gateway_id": "",
                "ipv6_cidr_block": "",
                "local_gateway_id": "",
                "nat_gateway_id": "nat-001baacb0e33395d6",
                "network_interface_id": "",
                "transit_gateway_id": "",
                "vpc_endpoint_id": "",
                "vpc_peering_connection_id": ""
              }
            ],
            "tags": {},
            "tags_all": {},
            "timeouts": null,
            "vpc_id": "vpc-0b3edc6760d008934"
          },
          "sensitive_attributes": [],
          "private": "eyJlMmJmYjczMC1lY2FhLTExZTYtOGY4OC0zNDM2M2JjN2M0YzAiOnsiY3JlYXRlIjozMDAwMDAwMDAwMDAsImRlbGV0ZSI6MzAwMDAwMDAwMDAwLCJ1cGRhdGUiOjEyMDAwMDAwMDAwMH19",
          "dependencies": [
            "module.vpc.aws_vpc.main"
          ]
        }
      ]
    },
    {
      "module": "module.vpc",
      "mode": "managed",
      "type": "aws_route_table",
      "name": "public",
      "provider": "provider[\"registry.terraform.io/hashicorp/aws\"]",
      "instances": [
        {
          "schema_version": 0,
          "attributes": {
            "arn": "arn:aws:ec2:eu-north-1:929806479990:route-table/rtb-085610b1e81088286",
            "id": "rtb-085610b1e81088286",
            "owner_id": "929806479990",
            "propagating_vgws": [],
            "route": [
              {
                "carrier_gateway_id": "",
                "cidr_block": "0.0.0.0/0",
                "core_network_arn": "",
                "destination_prefix_list_id": "",
                "egress_only_gateway_id": "",
                "gateway_id": "igw-0c3926d52a74caa22",
                "ipv6_cidr_block": "",
                "local_gateway_id": "",
                "nat_gateway_id": "",
                "network_interface_id": "",
                "transit_gateway_id": "",
                "vpc_endpoint_id": "",
                "vpc_peering_connection_id": ""
              }
            ],
            "tags": {},
            "tags_all": {},
            "timeouts": null,
            "vpc_id": "vpc-0b3edc6760d008934"
          },
          "sensitive_attributes": [],
          "private": "eyJlMmJmYjczMC1lY2FhLTExZTYtOGY4OC0zNDM2M2JjN2M0YzAiOnsiY3JlYXRlIjozMDAwMDAwMDAwMDAsImRlbGV0ZSI6MzAwMDAwMDAwMDAwLCJ1cGRhdGUiOjEyMDAwMDAwMDAwMH19",
          "dependencies": [
            "module.vpc.aws_vpc.main"
          ]
        }
      ]
    },
    {
      "module": "module.vpc",
      "mode": "managed",
      "type": "aws_route_table_association",
      "name": "private_assoc",
      "provider": "provider[\"registry.terraform.io/hashicorp/aws\"]",
      "instances": [
        {
          "schema_version": 0,
          "attributes": {
            "gateway_id": "",
            "id": "rtbassoc-08a703ff28cf19b8c",
            "route_table_id": "rtb-0b1f4f38b9f5d2694",
            "subnet_id": "subnet-0e0dbd32a91a2d6dc",
            "timeouts": null
          },
          "sensitive_attributes": [],
          "private": "eyJlMmJmYjczMC1lY2FhLTExZTYtOGY4OC0zNDM2M2JjN2M0YzAiOnsiY3JlYXRlIjozMDAwMDAwMDAwMDAsImRlbGV0ZSI6MzAwMDAwMDAwMDAwLCJ1cGRhdGUiOjEyMDAwMDAwMDAwMH19",
          "dependencies": [
            "module.vpc.aws_route_table.private",
            "module.vpc.aws_subnet.private",
            "module.vpc.aws_vpc.main"
          ]
        }
      ]
    },
    {
      "module": "module.vpc",
      "mode": "managed",
      "type": "aws_route_table_association",
      "name": "public_assoc",
      "provider": "provider[\"registry.terraform.io/hashicorp/aws\"]",
      "instances": [
        {
          "schema_version": 0,
          "attributes": {
            "gateway_id": "",
            "id": "rtbassoc-012f6e87f1114fbb2",
            "route_table_id": "rtb-085610b1e81088286",
            "subnet_id": "subnet-0caf1837b9acde4a7",
            "timeouts": null
          },
          "sensitive_attributes": [],
          "private": "eyJlMmJmYjczMC1lY2FhLTExZTYtOGY4OC0zNDM2M2JjN2M0YzAiOnsiY3JlYXRlIjozMDAwMDAwMDAwMDAsImRlbGV0ZSI6MzAwMDAwMDAwMDAwLCJ1cGRhdGUiOjEyMDAwMDAwMDAwMH19",
          "dependencies": [
            "module.vpc.aws_route_table.public",
            "module.vpc.aws_subnet.public",
            "module.vpc.aws_vpc.main"
          ]
        }
      ]
    },
    {
      "module": "module.vpc",
      "mode": "managed",
      "type": "aws_subnet",
      "name": "private",
      "provider": "provider[\"registry.terraform.io/hashicorp/aws\"]",
      "instances": [
        {
          "schema_version": 1,
          "attributes": {
            "arn": "arn:aws:ec2:eu-north-1:929806479990:subnet/subnet-0e0dbd32a91a2d6dc",
            "assign_ipv6_address_on_creation": false,
            "availability_zone": "eu-north-1a",
            "availability_zone_id": "eun1-az1",
            "cidr_block": "10.0.2.0/24",
            "customer_owned_ipv4_pool": "",
            "enable_dns64": false,
            "enable_lni_at_device_index": 0,
            "enable_resource_name_dns_a_record_on_launch": false,
            "enable_resource_name_dns_aaaa_record_on_launch": false,
            "id": "subnet-0e0dbd32a91a2d6dc",
            "ipv6_cidr_block": "",
            "ipv6_cidr_block_association_id": "",
            "ipv6_native": false,
            "map_customer_owned_ip_on_launch": false,
            "map_public_ip_on_launch": false,
            "outpost_arn": "",
            "owner_id": "929806479990",
            "private_dns_hostname_type_on_launch": "ip-name",
            "tags": {},
            "tags_all": {},
            "timeouts": null,
            "vpc_id": "vpc-0b3edc6760d008934"
          },
          "sensitive_attributes": [],
          "private": "eyJlMmJmYjczMC1lY2FhLTExZTYtOGY4OC0zNDM2M2JjN2M0YzAiOnsiY3JlYXRlIjo2MDAwMDAwMDAwMDAsImRlbGV0ZSI6MTIwMDAwMDAwMDAwMH0sInNjaGVtYV92ZXJzaW9uIjoiMSJ9",
          "dependencies": [
            "module.vpc.aws_vpc.main"
          ]
        }
      ]
    },
    {
      "module": "module.vpc",
      "mode": "managed",
      "type": "aws_subnet",
      "name": "public",
      "provider": "provider[\"registry.terraform.io/hashicorp/aws\"]",
      "instances": [
        {
          "schema_version": 1,
          "attributes": {
            "arn": "arn:aws:ec2:eu-north-1:929806479990:subnet/subnet-0caf1837b9acde4a7",
            "assign_ipv6_address_on_creation": false,
            "availability_zone": "eu-north-1a",
            "availability_zone_id": "eun1-az1",
            "cidr_block": "10.0.1.0/24",
            "customer_owned_ipv4_pool": "",
            "enable_dns64": false,
            "enable_lni_at_device_index": 0,
            "enable_resource_name_dns_a_record_on_launch": false,
            "enable_resource_name_dns_aaaa_record_on_launch": false,
            "id": "subnet-0caf1837b9acde4a7",
            "ipv6_cidr_block": "",
            "ipv6_cidr_block_association_id": "",
            "ipv6_native": false,
            "map_customer_owned_ip_on_launch": false,
            "map_public_ip_on_launch": true,
            "outpost_arn": "",
            "owner_id": "929806479990",
            "private_dns_hostname_type_on_launch": "ip-name",
            "tags": {},
            "tags_all": {},
            "timeouts": null,
            "vpc_id": "vpc-0b3edc6760d008934"
          },
          "sensitive_attributes": [],
          "private": "eyJlMmJmYjczMC1lY2FhLTExZTYtOGY4OC0zNDM2M2JjN2M0YzAiOnsiY3JlYXRlIjo2MDAwMDAwMDAwMDAsImRlbGV0ZSI6MTIwMDAwMDAwMDAwMH0sInNjaGVtYV92ZXJzaW9uIjoiMSJ9",
          "dependencies": [
            "module.vpc.aws_vpc.main"
          ]
        }
      ]
    },
    {
      "module": "module.vpc",
      "mode": "managed",
      "type": "aws_vpc",
      "name": "main",
      "provider": "provider[\"registry.terraform.io/hashicorp/aws\"]",
      "instances": [
        {
          "schema_version": 1,
          "attributes": {
            "arn": "arn:aws:ec2:eu-north-1:929806479990:vpc/vpc-0b3edc6760d008934",
            "assign_generated_ipv6_cidr_block": false,
            "cidr_block": "10.0.0.0/16",
            "default_network_acl_id": "acl-00d2f7330dfb12e52",
            "default_route_table_id": "rtb-02cbc7d924b8aa9c8",
            "default_security_group_id": "sg-05df32f20238644d0",
            "dhcp_options_id": "dopt-0e14e2e38f72bfd44",
            "enable_dns_hostnames": true,
            "enable_dns_support": true,
            "enable_network_address_usage_metrics": false,
            "id": "vpc-0b3edc6760d008934",
            "instance_tenancy": "default",
            "ipv4_ipam_pool_id": null,
            "ipv4_netmask_length": null,
            "ipv6_association_id": "",
            "ipv6_cidr_block": "",
            "ipv6_cidr_block_network_border_group": "",
            "ipv6_ipam_pool_id": "",
            "ipv6_netmask_length": 0,
            "main_route_table_id": "rtb-02cbc7d924b8aa9c8",
            "owner_id": "929806479990",
            "tags": {},
            "tags_all": {}
          },
          "sensitive_attributes": [],
          "private": "eyJzY2hlbWFfdmVyc2lvbiI6IjEifQ=="
        }
      ]
    }
  ]
}
